// !$*UTF8*$!
{
	archiveVersion = 1;
	classes = {
	};
	objectVersion = 77;
	objects = {

/* Begin PBXBuildFile section */
		078ACD62379152AF074BA388 /* MainWindow.swift in Sources */ = {isa = PBXBuildFile; fileRef = D91809FAEB989810C109F9ED /* MainWindow.swift */; };
		07D2323972E6FA5B876CDD47 /* MClean.icon in Resources */ = {isa = PBXBuildFile; fileRef = CB8A7F6A908C272E5194284C /* MClean.icon */; };
		0D3FDB7E3C5F57F98A0F997B /* FileSize.swift in Sources */ = {isa = PBXBuildFile; fileRef = 312EB1028D8B7B2780C171DC /* FileSize.swift */; };
		0F2C8D4EF5BAD8831F8300A3 /* SpaceLensView.swift in Sources */ = {isa = PBXBuildFile; fileRef = D18FB416DED7D2583B5606A8 /* SpaceLensView.swift */; };
		0F68165F5EC700BDA6917D46 /* AppearancePill.swift in Sources */ = {isa = PBXBuildFile; fileRef = 601D55348F4157357523825D /* AppearancePill.swift */; };
		1007F1C5511EA7F2457923AA /* Assets.xcassets in Resources */ = {isa = PBXBuildFile; fileRef = F29F8066081A3DBCFC5E274E /* Assets.xcassets */; };
		10AA3CFC6B99132B98C6CF9E /* FullDiskAccessManager.swift in Sources */ = {isa = PBXBuildFile; fileRef = 9350AF261841B74F4B98486D /* FullDiskAccessManager.swift */; };
		12371A39B6196FF576641F2C /* AppFilesView.swift in Sources */ = {isa = PBXBuildFile; fileRef = 20C29CA7FD3ACF1E9DDD9A10 /* AppFilesView.swift */; };
		12F17594D9ED30639A93B38D /* Logger.swift in Sources */ = {isa = PBXBuildFile; fileRef = 7D24B0F440DAE2CEF63FC7A4 /* Logger.swift */; };
		156D4073327230C13B3DE28B /* FDADemoView.swift in Sources */ = {isa = PBXBuildFile; fileRef = 6D7247056293527B0C0171A1 /* FDADemoView.swift */; };
		17D83F074AC55298954753FE /* Conditions.swift in Sources */ = {isa = PBXBuildFile; fileRef = F39CA2E63592F2CD4657561C /* Conditions.swift */; };
		19A09419C92C32458B76E456 /* StringNormalization.swift in Sources */ = {isa = PBXBuildFile; fileRef = 3084FB26EEA344D0CE85A743 /* StringNormalization.swift */; };
		1EAD42100EA58ABBF2BDDA82 /* BubbleLayout.swift in Sources */ = {isa = PBXBuildFile; fileRef = 905E7C78F1DC41506FEEDFEA /* BubbleLayout.swift */; };
		1FD87598B1C74C8FF770281A /* SpaceLensNode.swift in Sources */ = {isa = PBXBuildFile; fileRef = 801EDA37CC70B783B039BA3D /* SpaceLensNode.swift */; };
		29ADED029C679C21BE99A559 /* CLI.swift in Sources */ = {isa = PBXBuildFile; fileRef = 7F03CCABE0BB4A5B1D3316A3 /* CLI.swift */; };
		2D477D2D35013C3FA86725E2 /* PermissionCoordinator.swift in Sources */ = {isa = PBXBuildFile; fileRef = 14C4094C48868B4578469DCF /* PermissionCoordinator.swift */; };
		3093D04C857025CACA9C1145 /* AppStateTests.swift in Sources */ = {isa = PBXBuildFile; fileRef = A5F57650CB060105464F79D5 /* AppStateTests.swift */; };
		32C211FA0E2B192284607F86 /* SpaceLensViewModel.swift in Sources */ = {isa = PBXBuildFile; fileRef = 05091A5CE27B7B70E852BD35 /* SpaceLensViewModel.swift */; };
		396154CF5D44333D0AF61B3B /* AppLanguage.swift in Sources */ = {isa = PBXBuildFile; fileRef = 6194EA40BE5A7911F49323C4 /* AppLanguage.swift */; };
		39B426C889A0D6127154A118 /* SystemMonitor.swift in Sources */ = {isa = PBXBuildFile; fileRef = C12B0F9797DA99C207A8F778 /* SystemMonitor.swift */; };
		5013382CAAA7EF3F6FE1C3F7 /* ScanEngine.swift in Sources */ = {isa = PBXBuildFile; fileRef = 748F87A41F5EB78776BC9ECD /* ScanEngine.swift */; };
		54478454328BFD57CBCA4746 /* AppInfoFetcher.swift in Sources */ = {isa = PBXBuildFile; fileRef = F215C1E6F89BAF93AF127F25 /* AppInfoFetcher.swift */; };
		54868F1888CA33D1B3CE5971 /* Haptics.swift in Sources */ = {isa = PBXBuildFile; fileRef = CD03A28405BBAAF945EE0CA7 /* Haptics.swift */; };
		610540958B8FF3B76FA4D310 /* OnboardingView.swift in Sources */ = {isa = PBXBuildFile; fileRef = 804AE00DAE1C8883A6D9455B /* OnboardingView.swift */; };
		637E70D2E1C18D31273F2C34 /* BubbleMapView.swift in Sources */ = {isa = PBXBuildFile; fileRef = F1E2030F64C8A8914C12CAD6 /* BubbleMapView.swift */; };
		63AF84D8E4AF1CF83B7E06CB /* CategoryDetailView.swift in Sources */ = {isa = PBXBuildFile; fileRef = 438354CEAB322F63EE62F3D1 /* CategoryDetailView.swift */; };
		63E0536B222EDB193687984C /* AppConstants.swift in Sources */ = {isa = PBXBuildFile; fileRef = 4C16688106F527DC3E9A76E1 /* AppConstants.swift */; };
		649464E8FA4F0A0422833863 /* AppTheme.swift in Sources */ = {isa = PBXBuildFile; fileRef = 64955A6C0D5A611C8FF4DD35 /* AppTheme.swift */; };
		6AD0A2817004070534579D54 /* Localizable.strings in Resources */ = {isa = PBXBuildFile; fileRef = 082E2E67DE483C952E27CEB2 /* Localizable.strings */; };
		6BE6DC030F0737C5653E933A /* Locations.swift in Sources */ = {isa = PBXBuildFile; fileRef = 552489B063924BC23CE0210C /* Locations.swift */; };
		6CAF7DCC8015C98560213256 /* MenuBarController.swift in Sources */ = {isa = PBXBuildFile; fileRef = 99D7BA7FFD95B6ED27EC91B1 /* MenuBarController.swift */; };
		719D8325ACD92EDF4768428E /* MCleanApp.swift in Sources */ = {isa = PBXBuildFile; fileRef = AD994C5721866165CBFD8ACC /* MCleanApp.swift */; };
		74312832B79AEA6CEE7A995F /* EmptyStateView.swift in Sources */ = {isa = PBXBuildFile; fileRef = 2164AB3A919598EE9BA0370D /* EmptyStateView.swift */; };
		83413C84FA0D168BCCC2E930 /* ScanError.swift in Sources */ = {isa = PBXBuildFile; fileRef = 94C4E911C9EBE9E66DA3F577 /* ScanError.swift */; };
		91AA985A9811F2DF8C68EE4C /* ConfettiView.swift in Sources */ = {isa = PBXBuildFile; fileRef = 4EFFC9F6ABE05E777AC284EC /* ConfettiView.swift */; };
		955A93B253AAB9F9868C5D09 /* MenuBarMonitorView.swift in Sources */ = {isa = PBXBuildFile; fileRef = 3AEC1EE84E1712EA5A6C489A /* MenuBarMonitorView.swift */; };
		9C2B8AD27F56875E75662FA5 /* SpaceLensEngine.swift in Sources */ = {isa = PBXBuildFile; fileRef = 6F1160FB578DB78BCB5689A6 /* SpaceLensEngine.swift */; };
		9CE281D11834C730F438E492 /* AppLanguagePreferencesTests.swift in Sources */ = {isa = PBXBuildFile; fileRef = 4D7D8AB941024E1E84FB7F76 /* AppLanguagePreferencesTests.swift */; };
		A2894D7E799422DE3E68A910 /* AppListView.swift in Sources */ = {isa = PBXBuildFile; fileRef = DB188A3FA6E99BFD8E385538 /* AppListView.swift */; };
		A2970F235AAAE63AD7D98C8D /* UpdateService.swift in Sources */ = {isa = PBXBuildFile; fileRef = 65335211E4BF982392F6AB72 /* UpdateService.swift */; };
		B0D0BE40652A6EC97F0202E4 /* PermissionSheet.swift in Sources */ = {isa = PBXBuildFile; fileRef = E0E0881794F0AFEDCDE27DDB /* PermissionSheet.swift */; };
		B2467640DF21C8EB19C31B7A /* OrphanSafetyPolicy.swift in Sources */ = {isa = PBXBuildFile; fileRef = B44C97DE61F384636B15968B /* OrphanSafetyPolicy.swift */; };
		C1D02640E402D78D65BC22E2 /* OrphanListView.swift in Sources */ = {isa = PBXBuildFile; fileRef = 0B8D0E343F28D37959A3F1EC /* OrphanListView.swift */; };
		CC4F6CEA593AD95D35E32A42 /* LocalizationFilesTests.swift in Sources */ = {isa = PBXBuildFile; fileRef = 1895E0A3E12D45735A89CF47 /* LocalizationFilesTests.swift */; };
		CF4A4D8896D8728F4042778D /* Models.swift in Sources */ = {isa = PBXBuildFile; fileRef = FED0C7C467912648CD265D3B /* Models.swift */; };
		D55786D55D50777ED2D1591D /* AppState.swift in Sources */ = {isa = PBXBuildFile; fileRef = 0D7F588B2653F3668ED4273C /* AppState.swift */; };
		D7C425AE2B0B794F107D13FD /* FileIconCache.swift in Sources */ = {isa = PBXBuildFile; fileRef = B9EA57034381410CF6D0D57E /* FileIconCache.swift */; };
		DB1CFE7E9543413C0E396B6F /* Theme.swift in Sources */ = {isa = PBXBuildFile; fileRef = 5E04F8C2AA99980272A93499 /* Theme.swift */; };
		DFF2EE4DE7E8D3FCEBE90DCF /* AppBundleDragHandle.swift in Sources */ = {isa = PBXBuildFile; fileRef = 48B6836FCAA164A9808475BD /* AppBundleDragHandle.swift */; };
		E75C19B444C68A75C0D5F866 /* DashboardCharts.swift in Sources */ = {isa = PBXBuildFile; fileRef = 3F936D4AA8D3631F07ADEB67 /* DashboardCharts.swift */; };
		E8C394F249B7C591724A2F21 /* CleaningEngine.swift in Sources */ = {isa = PBXBuildFile; fileRef = 439AC3289EEDE13563B9A5D4 /* CleaningEngine.swift */; };
		EB3FA7E56BB3653E0AFC7FE2 /* SpaceLensEngineTests.swift in Sources */ = {isa = PBXBuildFile; fileRef = DE29EDEDA6ED164297549103 /* SpaceLensEngineTests.swift */; };
		F11A25100FA2855DC926F90E /* SettingsView.swift in Sources */ = {isa = PBXBuildFile; fileRef = 97D6F203838B71F1F1DFB512 /* SettingsView.swift */; };
		F260D6E5E0E2981511C68B9B /* AppPathFinder.swift in Sources */ = {isa = PBXBuildFile; fileRef = DA92771BDF08868772B39E1D /* AppPathFinder.swift */; };
		F66783E5832D04AE954CD572 /* SchedulerService.swift in Sources */ = {isa = PBXBuildFile; fileRef = 068CFAC1CC482B3C9177DCC8 /* SchedulerService.swift */; };
		FC976CDB8A9FA46062FA4CB9 /* BubbleLayoutTests.swift in Sources */ = {isa = PBXBuildFile; fileRef = 7EF1D544F58416B32109C66C /* BubbleLayoutTests.swift */; };
		FE8958996E02D6D5EB48273B /* DashboardView.swift in Sources */ = {isa = PBXBuildFile; fileRef = DFF7F2CDCBF5758A9AB363A5 /* DashboardView.swift */; };
/* End PBXBuildFile section */

/* Begin PBXContainerItemProxy section */
		249ADC13511DB7D9B041E9CF /* PBXContainerItemProxy */ = {
			isa = PBXContainerItemProxy;
			containerPortal = 22EF8368BF4A93B782964A50 /* Project object */;
			proxyType = 1;
			remoteGlobalIDString = 5AE44384BA80EA7E4C2A7B84;
			remoteInfo = MClean;
		};
/* End PBXContainerItemProxy section */

/* Begin PBXFileReference section */
		05091A5CE27B7B70E852BD35 /* SpaceLensViewModel.swift */ = {isa = PBXFileReference; lastKnownFileType = sourcecode.swift; path = SpaceLensViewModel.swift; sourceTree = "<group>"; };
		068CFAC1CC482B3C9177DCC8 /* SchedulerService.swift */ = {isa = PBXFileReference; lastKnownFileType = sourcecode.swift; path = SchedulerService.swift; sourceTree = "<group>"; };
		0847B72C9D810F3D3E1C0BB5 /* en */ = {isa = PBXFileReference; lastKnownFileType = text.plist.strings; name = en; path = en.lproj/Localizable.strings; sourceTree = "<group>"; };
		0B8D0E343F28D37959A3F1EC /* OrphanListView.swift */ = {isa = PBXFileReference; lastKnownFileType = sourcecode.swift; path = OrphanListView.swift; sourceTree = "<group>"; };
		0D7F588B2653F3668ED4273C /* AppState.swift */ = {isa = PBXFileReference; lastKnownFileType = sourcecode.swift; path = AppState.swift; sourceTree = "<group>"; };
		14C4094C48868B4578469DCF /* PermissionCoordinator.swift */ = {isa = PBXFileReference; lastKnownFileType = sourcecode.swift; path = PermissionCoordinator.swift; sourceTree = "<group>"; };
		17DBACC2476113D82B7D3FE4 /* zh-Hant */ = {isa = PBXFileReference; lastKnownFileType = text.plist.strings; name = "zh-Hant"; path = "zh-Hant.lproj/Localizable.strings"; sourceTree = "<group>"; };
		1895E0A3E12D45735A89CF47 /* LocalizationFilesTests.swift */ = {isa = PBXFileReference; lastKnownFileType = sourcecode.swift; path = LocalizationFilesTests.swift; sourceTree = "<group>"; };
		1D1D6810BC4A0E24E381D75A /* MClean.entitlements */ = {isa = PBXFileReference; lastKnownFileType = text.plist.entitlements; path = MClean.entitlements; sourceTree = "<group>"; };
		20C29CA7FD3ACF1E9DDD9A10 /* AppFilesView.swift */ = {isa = PBXFileReference; lastKnownFileType = sourcecode.swift; path = AppFilesView.swift; sourceTree = "<group>"; };
		2164AB3A919598EE9BA0370D /* EmptyStateView.swift */ = {isa = PBXFileReference; lastKnownFileType = sourcecode.swift; path = EmptyStateView.swift; sourceTree = "<group>"; };
		27792958680204C64397C05C /* ja */ = {isa = PBXFileReference; lastKnownFileType = text.plist.strings; name = ja; path = ja.lproj/Localizable.strings; sourceTree = "<group>"; };
		3084FB26EEA344D0CE85A743 /* StringNormalization.swift */ = {isa = PBXFileReference; lastKnownFileType = sourcecode.swift; path = StringNormalization.swift; sourceTree = "<group>"; };
		312EB1028D8B7B2780C171DC /* FileSize.swift */ = {isa = PBXFileReference; lastKnownFileType = sourcecode.swift; path = FileSize.swift; sourceTree = "<group>"; };
		3AEC1EE84E1712EA5A6C489A /* MenuBarMonitorView.swift */ = {isa = PBXFileReference; lastKnownFileType = sourcecode.swift; path = MenuBarMonitorView.swift; sourceTree = "<group>"; };
		3C9886AD870738FAC7FADDA2 /* MClean.app */ = {isa = PBXFileReference; explicitFileType = wrapper.application; includeInIndex = 0; path = MClean.app; sourceTree = BUILT_PRODUCTS_DIR; };
		3F936D4AA8D3631F07ADEB67 /* DashboardCharts.swift */ = {isa = PBXFileReference; lastKnownFileType = sourcecode.swift; path = DashboardCharts.swift; sourceTree = "<group>"; };
		407D9071C4DB923DB0DC9221 /* MClean-AppStore.entitlements */ = {isa = PBXFileReference; lastKnownFileType = text.plist.entitlements; path = "MClean-AppStore.entitlements"; sourceTree = "<group>"; };
		438354CEAB322F63EE62F3D1 /* CategoryDetailView.swift */ = {isa = PBXFileReference; lastKnownFileType = sourcecode.swift; path = CategoryDetailView.swift; sourceTree = "<group>"; };
		439AC3289EEDE13563B9A5D4 /* CleaningEngine.swift */ = {isa = PBXFileReference; lastKnownFileType = sourcecode.swift; path = CleaningEngine.swift; sourceTree = "<group>"; };
		48B6836FCAA164A9808475BD /* AppBundleDragHandle.swift */ = {isa = PBXFileReference; lastKnownFileType = sourcecode.swift; path = AppBundleDragHandle.swift; sourceTree = "<group>"; };
		4C16688106F527DC3E9A76E1 /* AppConstants.swift */ = {isa = PBXFileReference; lastKnownFileType = sourcecode.swift; path = AppConstants.swift; sourceTree = "<group>"; };
		4D7D8AB941024E1E84FB7F76 /* AppLanguagePreferencesTests.swift */ = {isa = PBXFileReference; lastKnownFileType = sourcecode.swift; path = AppLanguagePreferencesTests.swift; sourceTree = "<group>"; };
		4EFFC9F6ABE05E777AC284EC /* ConfettiView.swift */ = {isa = PBXFileReference; lastKnownFileType = sourcecode.swift; path = ConfettiView.swift; sourceTree = "<group>"; };
		552489B063924BC23CE0210C /* Locations.swift */ = {isa = PBXFileReference; lastKnownFileType = sourcecode.swift; path = Locations.swift; sourceTree = "<group>"; };
		5E04F8C2AA99980272A93499 /* Theme.swift */ = {isa = PBXFileReference; lastKnownFileType = sourcecode.swift; path = Theme.swift; sourceTree = "<group>"; };
		601D55348F4157357523825D /* AppearancePill.swift */ = {isa = PBXFileReference; lastKnownFileType = sourcecode.swift; path = AppearancePill.swift; sourceTree = "<group>"; };
		6194EA40BE5A7911F49323C4 /* AppLanguage.swift */ = {isa = PBXFileReference; lastKnownFileType = sourcecode.swift; path = AppLanguage.swift; sourceTree = "<group>"; };
		64955A6C0D5A611C8FF4DD35 /* AppTheme.swift */ = {isa = PBXFileReference; lastKnownFileType = sourcecode.swift; path = AppTheme.swift; sourceTree = "<group>"; };
		65335211E4BF982392F6AB72 /* UpdateService.swift */ = {isa = PBXFileReference; lastKnownFileType = sourcecode.swift; path = UpdateService.swift; sourceTree = "<group>"; };
		6D7247056293527B0C0171A1 /* FDADemoView.swift */ = {isa = PBXFileReference; lastKnownFileType = sourcecode.swift; path = FDADemoView.swift; sourceTree = "<group>"; };
		6F1160FB578DB78BCB5689A6 /* SpaceLensEngine.swift */ = {isa = PBXFileReference; lastKnownFileType = sourcecode.swift; path = SpaceLensEngine.swift; sourceTree = "<group>"; };
		748F87A41F5EB78776BC9ECD /* ScanEngine.swift */ = {isa = PBXFileReference; lastKnownFileType = sourcecode.swift; path = ScanEngine.swift; sourceTree = "<group>"; };
		78A038259C5DCF5861193828 /* vi */ = {isa = PBXFileReference; lastKnownFileType = text.plist.strings; name = vi; path = vi.lproj/Localizable.strings; sourceTree = "<group>"; };
		7D24B0F440DAE2CEF63FC7A4 /* Logger.swift */ = {isa = PBXFileReference; lastKnownFileType = sourcecode.swift; path = Logger.swift; sourceTree = "<group>"; };
		7EF1D544F58416B32109C66C /* BubbleLayoutTests.swift */ = {isa = PBXFileReference; lastKnownFileType = sourcecode.swift; path = BubbleLayoutTests.swift; sourceTree = "<group>"; };
		7F03CCABE0BB4A5B1D3316A3 /* CLI.swift */ = {isa = PBXFileReference; lastKnownFileType = sourcecode.swift; path = CLI.swift; sourceTree = "<group>"; };
		801EDA37CC70B783B039BA3D /* SpaceLensNode.swift */ = {isa = PBXFileReference; lastKnownFileType = sourcecode.swift; path = SpaceLensNode.swift; sourceTree = "<group>"; };
		804AE00DAE1C8883A6D9455B /* OnboardingView.swift */ = {isa = PBXFileReference; lastKnownFileType = sourcecode.swift; path = OnboardingView.swift; sourceTree = "<group>"; };
		905E7C78F1DC41506FEEDFEA /* BubbleLayout.swift */ = {isa = PBXFileReference; lastKnownFileType = sourcecode.swift; path = BubbleLayout.swift; sourceTree = "<group>"; };
		9350AF261841B74F4B98486D /* FullDiskAccessManager.swift */ = {isa = PBXFileReference; lastKnownFileType = sourcecode.swift; path = FullDiskAccessManager.swift; sourceTree = "<group>"; };
		94C4E911C9EBE9E66DA3F577 /* ScanError.swift */ = {isa = PBXFileReference; lastKnownFileType = sourcecode.swift; path = ScanError.swift; sourceTree = "<group>"; };
		97D6F203838B71F1F1DFB512 /* SettingsView.swift */ = {isa = PBXFileReference; lastKnownFileType = sourcecode.swift; path = SettingsView.swift; sourceTree = "<group>"; };
		99D7BA7FFD95B6ED27EC91B1 /* MenuBarController.swift */ = {isa = PBXFileReference; lastKnownFileType = sourcecode.swift; path = MenuBarController.swift; sourceTree = "<group>"; };
		A5F57650CB060105464F79D5 /* AppStateTests.swift */ = {isa = PBXFileReference; lastKnownFileType = sourcecode.swift; path = AppStateTests.swift; sourceTree = "<group>"; };
		AD994C5721866165CBFD8ACC /* MCleanApp.swift */ = {isa = PBXFileReference; lastKnownFileType = sourcecode.swift; path = MCleanApp.swift; sourceTree = "<group>"; };
		B09C2052FF746D55A742AE92 /* zh-Hans */ = {isa = PBXFileReference; lastKnownFileType = text.plist.strings; name = "zh-Hans"; path = "zh-Hans.lproj/Localizable.strings"; sourceTree = "<group>"; };
		B44C97DE61F384636B15968B /* OrphanSafetyPolicy.swift */ = {isa = PBXFileReference; lastKnownFileType = sourcecode.swift; path = OrphanSafetyPolicy.swift; sourceTree = "<group>"; };
		B9EA57034381410CF6D0D57E /* FileIconCache.swift */ = {isa = PBXFileReference; lastKnownFileType = sourcecode.swift; path = FileIconCache.swift; sourceTree = "<group>"; };
		C12B0F9797DA99C207A8F778 /* SystemMonitor.swift */ = {isa = PBXFileReference; lastKnownFileType = sourcecode.swift; path = SystemMonitor.swift; sourceTree = "<group>"; };
		C924C00C5A22105D4751EA49 /* MCleanTests.xctest */ = {isa = PBXFileReference; explicitFileType = wrapper.cfbundle; includeInIndex = 0; path = MCleanTests.xctest; sourceTree = BUILT_PRODUCTS_DIR; };
		CB8A7F6A908C272E5194284C /* MClean.icon */ = {isa = PBXFileReference; lastKnownFileType = wrapper.icon; path = MClean.icon; sourceTree = "<group>"; };
		CD03A28405BBAAF945EE0CA7 /* Haptics.swift */ = {isa = PBXFileReference; lastKnownFileType = sourcecode.swift; path = Haptics.swift; sourceTree = "<group>"; };
		D18FB416DED7D2583B5606A8 /* SpaceLensView.swift */ = {isa = PBXFileReference; lastKnownFileType = sourcecode.swift; path = SpaceLensView.swift; sourceTree = "<group>"; };
		D91809FAEB989810C109F9ED /* MainWindow.swift */ = {isa = PBXFileReference; lastKnownFileType = sourcecode.swift; path = MainWindow.swift; sourceTree = "<group>"; };
		DA92771BDF08868772B39E1D /* AppPathFinder.swift */ = {isa = PBXFileReference; lastKnownFileType = sourcecode.swift; path = AppPathFinder.swift; sourceTree = "<group>"; };
		DB188A3FA6E99BFD8E385538 /* AppListView.swift */ = {isa = PBXFileReference; lastKnownFileType = sourcecode.swift; path = AppListView.swift; sourceTree = "<group>"; };
		DE0745F6334020ACFB2D0F93 /* Info.plist */ = {isa = PBXFileReference; lastKnownFileType = text.plist; path = Info.plist; sourceTree = "<group>"; };
		DE29EDEDA6ED164297549103 /* SpaceLensEngineTests.swift */ = {isa = PBXFileReference; lastKnownFileType = sourcecode.swift; path = SpaceLensEngineTests.swift; sourceTree = "<group>"; };
		DFF7F2CDCBF5758A9AB363A5 /* DashboardView.swift */ = {isa = PBXFileReference; lastKnownFileType = sourcecode.swift; path = DashboardView.swift; sourceTree = "<group>"; };
		E0E0881794F0AFEDCDE27DDB /* PermissionSheet.swift */ = {isa = PBXFileReference; lastKnownFileType = sourcecode.swift; path = PermissionSheet.swift; sourceTree = "<group>"; };
		F1E2030F64C8A8914C12CAD6 /* BubbleMapView.swift */ = {isa = PBXFileReference; lastKnownFileType = sourcecode.swift; path = BubbleMapView.swift; sourceTree = "<group>"; };
		F215C1E6F89BAF93AF127F25 /* AppInfoFetcher.swift */ = {isa = PBXFileReference; lastKnownFileType = sourcecode.swift; path = AppInfoFetcher.swift; sourceTree = "<group>"; };
		F29F8066081A3DBCFC5E274E /* Assets.xcassets */ = {isa = PBXFileReference; lastKnownFileType = folder.assetcatalog; path = Assets.xcassets; sourceTree = "<group>"; };
		F39CA2E63592F2CD4657561C /* Conditions.swift */ = {isa = PBXFileReference; lastKnownFileType = sourcecode.swift; path = Conditions.swift; sourceTree = "<group>"; };
		FED0C7C467912648CD265D3B /* Models.swift */ = {isa = PBXFileReference; lastKnownFileType = sourcecode.swift; path = Models.swift; sourceTree = "<group>"; };
/* End PBXFileReference section */

/* Begin PBXGroup section */
		0C1DF9E28417647BDB649B1A /* MCleanTests */ = {
			isa = PBXGroup;
			children = (
				4D7D8AB941024E1E84FB7F76 /* AppLanguagePreferencesTests.swift */,
				A5F57650CB060105464F79D5 /* AppStateTests.swift */,
				7EF1D544F58416B32109C66C /* BubbleLayoutTests.swift */,
				1895E0A3E12D45735A89CF47 /* LocalizationFilesTests.swift */,
				DE29EDEDA6ED164297549103 /* SpaceLensEngineTests.swift */,
			);
			path = MCleanTests;
			sourceTree = "<group>";
		};
		20AB5CCC7C1433E0478E5723 /* Settings */ = {
			isa = PBXGroup;
			children = (
				97D6F203838B71F1F1DFB512 /* SettingsView.swift */,
			);
			path = Settings;
			sourceTree = "<group>";
		};
		24F11C3BC9CB9D7DBE46FF7A /* MClean */ = {
			isa = PBXGroup;
			children = (
				F29F8066081A3DBCFC5E274E /* Assets.xcassets */,
				DE0745F6334020ACFB2D0F93 /* Info.plist */,
				407D9071C4DB923DB0DC9221 /* MClean-AppStore.entitlements */,
				1D1D6810BC4A0E24E381D75A /* MClean.entitlements */,
				AD994C5721866165CBFD8ACC /* MCleanApp.swift */,
				4C91CFEB4C10BF331CF48A7B /* Core */,
				53671E7D34B9EA9910C70C4E /* Extensions */,
				082E2E67DE483C952E27CEB2 /* Localizable.strings */,
				9F15D0186862D17437164366 /* Logic */,
				686BCF82A45F95563360233E /* Models */,
				A8358E24E229D6618E5E3D00 /* Services */,
				558EBBBFC8202DAA6715FB63 /* ViewModels */,
				C4F64E4222B45E8AD589BDBC /* Views */,
			);
			path = MClean;
			sourceTree = "<group>";
		};
		39B11D1F9C570519512DC832 /* Components */ = {
			isa = PBXGroup;
			children = (
				48B6836FCAA164A9808475BD /* AppBundleDragHandle.swift */,
				601D55348F4157357523825D /* AppearancePill.swift */,
				64955A6C0D5A611C8FF4DD35 /* AppTheme.swift */,
				4EFFC9F6ABE05E777AC284EC /* ConfettiView.swift */,
				3F936D4AA8D3631F07ADEB67 /* DashboardCharts.swift */,
				2164AB3A919598EE9BA0370D /* EmptyStateView.swift */,
				6D7247056293527B0C0171A1 /* FDADemoView.swift */,
				B9EA57034381410CF6D0D57E /* FileIconCache.swift */,
				3AEC1EE84E1712EA5A6C489A /* MenuBarMonitorView.swift */,
				E0E0881794F0AFEDCDE27DDB /* PermissionSheet.swift */,
			);
			path = Components;
			sourceTree = "<group>";
		};
		4C91CFEB4C10BF331CF48A7B /* Core */ = {
			isa = PBXGroup;
			children = (
				4C16688106F527DC3E9A76E1 /* AppConstants.swift */,
			);
			path = Core;
			sourceTree = "<group>";
		};
		53671E7D34B9EA9910C70C4E /* Extensions */ = {
			isa = PBXGroup;
			children = (
				5E04F8C2AA99980272A93499 /* Theme.swift */,
			);
			path = Extensions;
			sourceTree = "<group>";
		};
		5471CA583EA79D046A291CEC /* SpaceLens */ = {
			isa = PBXGroup;
			children = (
				905E7C78F1DC41506FEEDFEA /* BubbleLayout.swift */,
				F1E2030F64C8A8914C12CAD6 /* BubbleMapView.swift */,
				D18FB416DED7D2583B5606A8 /* SpaceLensView.swift */,
			);
			path = SpaceLens;
			sourceTree = "<group>";
		};
		558EBBBFC8202DAA6715FB63 /* ViewModels */ = {
			isa = PBXGroup;
			children = (
				0D7F588B2653F3668ED4273C /* AppState.swift */,
				05091A5CE27B7B70E852BD35 /* SpaceLensViewModel.swift */,
			);
			path = ViewModels;
			sourceTree = "<group>";
		};
		5C5E48A7B5BF4D6E3D885762 = {
			isa = PBXGroup;
			children = (
				CB8A7F6A908C272E5194284C /* MClean.icon */,
				24F11C3BC9CB9D7DBE46FF7A /* MClean */,
				0C1DF9E28417647BDB649B1A /* MCleanTests */,
				8E19ED0015ACF4004E3C4D15 /* Products */,
			);
			sourceTree = "<group>";
		};
		5FBF91D8C3292AADD6782F96 /* Apps */ = {
			isa = PBXGroup;
			children = (
				20C29CA7FD3ACF1E9DDD9A10 /* AppFilesView.swift */,
				DB188A3FA6E99BFD8E385538 /* AppListView.swift */,
			);
			path = Apps;
			sourceTree = "<group>";
		};
		686BCF82A45F95563360233E /* Models */ = {
			isa = PBXGroup;
			children = (
				6194EA40BE5A7911F49323C4 /* AppLanguage.swift */,
				FED0C7C467912648CD265D3B /* Models.swift */,
				94C4E911C9EBE9E66DA3F577 /* ScanError.swift */,
				801EDA37CC70B783B039BA3D /* SpaceLensNode.swift */,
			);
			path = Models;
			sourceTree = "<group>";
		};
		8E19ED0015ACF4004E3C4D15 /* Products */ = {
			isa = PBXGroup;
			children = (
				3C9886AD870738FAC7FADDA2 /* MClean.app */,
				C924C00C5A22105D4751EA49 /* MCleanTests.xctest */,
			);
			name = Products;
			sourceTree = "<group>";
		};
		9F15D0186862D17437164366 /* Logic */ = {
			isa = PBXGroup;
			children = (
				DB1A4F9A43C8948BF12198F8 /* Scanning */,
				D4AAAF92F84B1C4CC20EB34B /* Utilities */,
			);
			path = Logic;
			sourceTree = "<group>";
		};
		A6BF8D5CA4D58FA1AFF69E70 /* Orphans */ = {
			isa = PBXGroup;
			children = (
				0B8D0E343F28D37959A3F1EC /* OrphanListView.swift */,
			);
			path = Orphans;
			sourceTree = "<group>";
		};
		A8358E24E229D6618E5E3D00 /* Services */ = {
			isa = PBXGroup;
			children = (
				439AC3289EEDE13563B9A5D4 /* CleaningEngine.swift */,
				9350AF261841B74F4B98486D /* FullDiskAccessManager.swift */,
				CD03A28405BBAAF945EE0CA7 /* Haptics.swift */,
				99D7BA7FFD95B6ED27EC91B1 /* MenuBarController.swift */,
				14C4094C48868B4578469DCF /* PermissionCoordinator.swift */,
				748F87A41F5EB78776BC9ECD /* ScanEngine.swift */,
				068CFAC1CC482B3C9177DCC8 /* SchedulerService.swift */,
				6F1160FB578DB78BCB5689A6 /* SpaceLensEngine.swift */,
				C12B0F9797DA99C207A8F778 /* SystemMonitor.swift */,
				65335211E4BF982392F6AB72 /* UpdateService.swift */,
			);
			path = Services;
			sourceTree = "<group>";
		};
		C4F64E4222B45E8AD589BDBC /* Views */ = {
			isa = PBXGroup;
			children = (
				438354CEAB322F63EE62F3D1 /* CategoryDetailView.swift */,
				DFF7F2CDCBF5758A9AB363A5 /* DashboardView.swift */,
				D91809FAEB989810C109F9ED /* MainWindow.swift */,
				804AE00DAE1C8883A6D9455B /* OnboardingView.swift */,
				5FBF91D8C3292AADD6782F96 /* Apps */,
				39B11D1F9C570519512DC832 /* Components */,
				A6BF8D5CA4D58FA1AFF69E70 /* Orphans */,
				20AB5CCC7C1433E0478E5723 /* Settings */,
				5471CA583EA79D046A291CEC /* SpaceLens */,
			);
			path = Views;
			sourceTree = "<group>";
		};
		D4AAAF92F84B1C4CC20EB34B /* Utilities */ = {
			isa = PBXGroup;
			children = (
				7F03CCABE0BB4A5B1D3316A3 /* CLI.swift */,
				312EB1028D8B7B2780C171DC /* FileSize.swift */,
				7D24B0F440DAE2CEF63FC7A4 /* Logger.swift */,
				B44C97DE61F384636B15968B /* OrphanSafetyPolicy.swift */,
			);
			path = Utilities;
			sourceTree = "<group>";
		};
		DB1A4F9A43C8948BF12198F8 /* Scanning */ = {
			isa = PBXGroup;
			children = (
				F215C1E6F89BAF93AF127F25 /* AppInfoFetcher.swift */,
				DA92771BDF08868772B39E1D /* AppPathFinder.swift */,
				F39CA2E63592F2CD4657561C /* Conditions.swift */,
				552489B063924BC23CE0210C /* Locations.swift */,
				3084FB26EEA344D0CE85A743 /* StringNormalization.swift */,
			);
			path = Scanning;
			sourceTree = "<group>";
		};
/* End PBXGroup section */

/* Begin PBXNativeTarget section */
		5AE44384BA80EA7E4C2A7B84 /* MClean */ = {
			isa = PBXNativeTarget;
			buildConfigurationList = E1EB1F11E2543CF47413EFE6 /* Build configuration list for PBXNativeTarget "MClean" */;
			buildPhases = (
				EB14D6D3A71263A2C7488E83 /* Sources */,
				9B6B3C8C1E771FC44A07A113 /* Resources */,
			);
			buildRules = (
			);
			dependencies = (
			);
			name = MClean;
			packageProductDependencies = (
			);
			productName = MClean;
			productReference = 3C9886AD870738FAC7FADDA2 /* MClean.app */;
			productType = "com.apple.product-type.application";
		};
		85E948CCD67F5E930B4087AF /* MCleanTests */ = {
			isa = PBXNativeTarget;
			buildConfigurationList = EB2D769526E7D8CA0BBB7975 /* Build configuration list for PBXNativeTarget "MCleanTests" */;
			buildPhases = (
				E146C6C55E8C87E5733768FD /* Sources */,
			);
			buildRules = (
			);
			dependencies = (
				3A60F43EFF6FD1741A360235 /* PBXTargetDependency */,
			);
			name = MCleanTests;
			packageProductDependencies = (
			);
			productName = MCleanTests;
			productReference = C924C00C5A22105D4751EA49 /* MCleanTests.xctest */;
			productType = "com.apple.product-type.bundle.unit-test";
		};
/* End PBXNativeTarget section */

/* Begin PBXProject section */
		22EF8368BF4A93B782964A50 /* Project object */ = {
			isa = PBXProject;
			attributes = {
				BuildIndependentTargetsInParallel = YES;
				LastUpgradeCheck = 1640;
				TargetAttributes = {
					5AE44384BA80EA7E4C2A7B84 = {
						DevelopmentTeam = 95AKA2N383;
						ProvisioningStyle = Automatic;
					};
					85E948CCD67F5E930B4087AF = {
						DevelopmentTeam = 95AKA2N383;
						ProvisioningStyle = Automatic;
					};
				};
			};
			buildConfigurationList = 237EB35D2152823B386737A9 /* Build configuration list for PBXProject "MClean" */;
			developmentRegion = en;
			hasScannedForEncodings = 0;
			knownRegions = (
				Base,
				en,
				ja,
				vi,
				"zh-Hans",
				"zh-Hant",
			);
			mainGroup = 5C5E48A7B5BF4D6E3D885762;
			minimizedProjectReferenceProxies = 1;
			preferredProjectObjectVersion = 77;
			productRefGroup = 8E19ED0015ACF4004E3C4D15 /* Products */;
			projectDirPath = "";
			projectRoot = "";
			targets = (
				5AE44384BA80EA7E4C2A7B84 /* MClean */,
				85E948CCD67F5E930B4087AF /* MCleanTests */,
			);
		};
/* End PBXProject section */

/* Begin PBXResourcesBuildPhase section */
		9B6B3C8C1E771FC44A07A113 /* Resources */ = {
			isa = PBXResourcesBuildPhase;
			buildActionMask = 2147483647;
			files = (
				1007F1C5511EA7F2457923AA /* Assets.xcassets in Resources */,
				6AD0A2817004070534579D54 /* Localizable.strings in Resources */,
				07D2323972E6FA5B876CDD47 /* MClean.icon in Resources */,
			);
			runOnlyForDeploymentPostprocessing = 0;
		};
/* End PBXResourcesBuildPhase section */

/* Begin PBXSourcesBuildPhase section */
		E146C6C55E8C87E5733768FD /* Sources */ = {
			isa = PBXSourcesBuildPhase;
			buildActionMask = 2147483647;
			files = (
				9CE281D11834C730F438E492 /* AppLanguagePreferencesTests.swift in Sources */,
				3093D04C857025CACA9C1145 /* AppStateTests.swift in Sources */,
				FC976CDB8A9FA46062FA4CB9 /* BubbleLayoutTests.swift in Sources */,
				CC4F6CEA593AD95D35E32A42 /* LocalizationFilesTests.swift in Sources */,
				EB3FA7E56BB3653E0AFC7FE2 /* SpaceLensEngineTests.swift in Sources */,
			);
			runOnlyForDeploymentPostprocessing = 0;
		};
		EB14D6D3A71263A2C7488E83 /* Sources */ = {
			isa = PBXSourcesBuildPhase;
			buildActionMask = 2147483647;
			files = (
				DFF2EE4DE7E8D3FCEBE90DCF /* AppBundleDragHandle.swift in Sources */,
				63E0536B222EDB193687984C /* AppConstants.swift in Sources */,
				12371A39B6196FF576641F2C /* AppFilesView.swift in Sources */,
				54478454328BFD57CBCA4746 /* AppInfoFetcher.swift in Sources */,
				396154CF5D44333D0AF61B3B /* AppLanguage.swift in Sources */,
				A2894D7E799422DE3E68A910 /* AppListView.swift in Sources */,
				F260D6E5E0E2981511C68B9B /* AppPathFinder.swift in Sources */,
				D55786D55D50777ED2D1591D /* AppState.swift in Sources */,
				649464E8FA4F0A0422833863 /* AppTheme.swift in Sources */,
				0F68165F5EC700BDA6917D46 /* AppearancePill.swift in Sources */,
				1EAD42100EA58ABBF2BDDA82 /* BubbleLayout.swift in Sources */,
				637E70D2E1C18D31273F2C34 /* BubbleMapView.swift in Sources */,
				29ADED029C679C21BE99A559 /* CLI.swift in Sources */,
				63AF84D8E4AF1CF83B7E06CB /* CategoryDetailView.swift in Sources */,
				E8C394F249B7C591724A2F21 /* CleaningEngine.swift in Sources */,
				17D83F074AC55298954753FE /* Conditions.swift in Sources */,
				91AA985A9811F2DF8C68EE4C /* ConfettiView.swift in Sources */,
				E75C19B444C68A75C0D5F866 /* DashboardCharts.swift in Sources */,
				FE8958996E02D6D5EB48273B /* DashboardView.swift in Sources */,
				74312832B79AEA6CEE7A995F /* EmptyStateView.swift in Sources */,
				156D4073327230C13B3DE28B /* FDADemoView.swift in Sources */,
				D7C425AE2B0B794F107D13FD /* FileIconCache.swift in Sources */,
				0D3FDB7E3C5F57F98A0F997B /* FileSize.swift in Sources */,
				10AA3CFC6B99132B98C6CF9E /* FullDiskAccessManager.swift in Sources */,
				54868F1888CA33D1B3CE5971 /* Haptics.swift in Sources */,
				6BE6DC030F0737C5653E933A /* Locations.swift in Sources */,
				12F17594D9ED30639A93B38D /* Logger.swift in Sources */,
				719D8325ACD92EDF4768428E /* MCleanApp.swift in Sources */,
				078ACD62379152AF074BA388 /* MainWindow.swift in Sources */,
				6CAF7DCC8015C98560213256 /* MenuBarController.swift in Sources */,
				955A93B253AAB9F9868C5D09 /* MenuBarMonitorView.swift in Sources */,
				CF4A4D8896D8728F4042778D /* Models.swift in Sources */,
				610540958B8FF3B76FA4D310 /* OnboardingView.swift in Sources */,
				C1D02640E402D78D65BC22E2 /* OrphanListView.swift in Sources */,
				B2467640DF21C8EB19C31B7A /* OrphanSafetyPolicy.swift in Sources */,
				2D477D2D35013C3FA86725E2 /* PermissionCoordinator.swift in Sources */,
				B0D0BE40652A6EC97F0202E4 /* PermissionSheet.swift in Sources */,
				5013382CAAA7EF3F6FE1C3F7 /* ScanEngine.swift in Sources */,
				83413C84FA0D168BCCC2E930 /* ScanError.swift in Sources */,
				F66783E5832D04AE954CD572 /* SchedulerService.swift in Sources */,
				F11A25100FA2855DC926F90E /* SettingsView.swift in Sources */,
				9C2B8AD27F56875E75662FA5 /* SpaceLensEngine.swift in Sources */,
				1FD87598B1C74C8FF770281A /* SpaceLensNode.swift in Sources */,
				0F2C8D4EF5BAD8831F8300A3 /* SpaceLensView.swift in Sources */,
				32C211FA0E2B192284607F86 /* SpaceLensViewModel.swift in Sources */,
				19A09419C92C32458B76E456 /* StringNormalization.swift in Sources */,
				39B426C889A0D6127154A118 /* SystemMonitor.swift in Sources */,
				DB1CFE7E9543413C0E396B6F /* Theme.swift in Sources */,
				A2970F235AAAE63AD7D98C8D /* UpdateService.swift in Sources */,
			);
			runOnlyForDeploymentPostprocessing = 0;
		};
/* End PBXSourcesBuildPhase section */

/* Begin PBXTargetDependency section */
		3A60F43EFF6FD1741A360235 /* PBXTargetDependency */ = {
			isa = PBXTargetDependency;
			target = 5AE44384BA80EA7E4C2A7B84 /* MClean */;
			targetProxy = 249ADC13511DB7D9B041E9CF /* PBXContainerItemProxy */;
		};
/* End PBXTargetDependency section */

/* Begin PBXVariantGroup section */
		082E2E67DE483C952E27CEB2 /* Localizable.strings */ = {
			isa = PBXVariantGroup;
			children = (
				0847B72C9D810F3D3E1C0BB5 /* en */,
				27792958680204C64397C05C /* ja */,
				78A038259C5DCF5861193828 /* vi */,
				B09C2052FF746D55A742AE92 /* zh-Hans */,
				17DBACC2476113D82B7D3FE4 /* zh-Hant */,
			);
			name = Localizable.strings;
			sourceTree = "<group>";
		};
/* End PBXVariantGroup section */

/* Begin XCBuildConfiguration section */
		36D8AA218B335C773C3B813A /* Debug */ = {
			isa = XCBuildConfiguration;
			buildSettings = {
				ASSETCATALOG_COMPILER_APPICON_NAME = MClean;
				COMBINE_HIDPI_IMAGES = YES;
				INFOPLIST_FILE = MClean/Info.plist;
				LD_RUNPATH_SEARCH_PATHS = "$(inherited) @executable_path/../Frameworks";
				PRODUCT_NAME = MClean;
				SDKROOT = macosx;
				SWIFT_EMIT_LOC_STRINGS = YES;
			};
			name = Debug;
		};
		45F0EE5EF56D5C854A996106 /* Release */ = {
			isa = XCBuildConfiguration;
			buildSettings = {
				BUNDLE_LOADER = "$(TEST_HOST)";
				COMBINE_HIDPI_IMAGES = YES;
				LD_RUNPATH_SEARCH_PATHS = (
					"$(inherited)",
					"@executable_path/../Frameworks",
					"@loader_path/../Frameworks",
				);
				SDKROOT = macosx;
				TEST_HOST = "$(BUILT_PRODUCTS_DIR)/MClean.app/Contents/MacOS/MClean";
			};
			name = Release;
		};
		6005CD539A837D15647DCBB3 /* Debug */ = {
			isa = XCBuildConfiguration;
			buildSettings = {
				BUNDLE_LOADER = "$(TEST_HOST)";
				COMBINE_HIDPI_IMAGES = YES;
				LD_RUNPATH_SEARCH_PATHS = (
					"$(inherited)",
					"@executable_path/../Frameworks",
					"@loader_path/../Frameworks",
				);
				SDKROOT = macosx;
				TEST_HOST = "$(BUILT_PRODUCTS_DIR)/MClean.app/Contents/MacOS/MClean";
			};
			name = Debug;
		};
		72CF86A4A071D37F3A00C25C /* AppStore */ = {
			isa = XCBuildConfiguration;
			buildSettings = {
				ALWAYS_SEARCH_USER_PATHS = NO;
				ARCHS = "arm64 x86_64";
				ASSETCATALOG_COMPILER_APPICON_NAME = MClean;
				CLANG_ANALYZER_NONNULL = YES;
				CLANG_ANALYZER_NUMBER_OBJECT_CONVERSION = YES_AGGRESSIVE;
				CLANG_CXX_LANGUAGE_STANDARD = "gnu++14";
				CLANG_CXX_LIBRARY = "libc++";
				CLANG_ENABLE_MODULES = YES;
				CLANG_ENABLE_OBJC_ARC = YES;
				CLANG_ENABLE_OBJC_WEAK = YES;
				CLANG_WARN_BLOCK_CAPTURE_AUTORELEASING = YES;
				CLANG_WARN_BOOL_CONVERSION = YES;
				CLANG_WARN_COMMA = YES;
				CLANG_WARN_CONSTANT_CONVERSION = YES;
				CLANG_WARN_DEPRECATED_OBJC_IMPLEMENTATIONS = YES;
				CLANG_WARN_DIRECT_OBJC_ISA_USAGE = YES_ERROR;
				CLANG_WARN_DOCUMENTATION_COMMENTS = YES;
				CLANG_WARN_EMPTY_BODY = YES;
				CLANG_WARN_ENUM_CONVERSION = YES;
				CLANG_WARN_INFINITE_RECURSION = YES;
				CLANG_WARN_INT_CONVERSION = YES;
				CLANG_WARN_NON_LITERAL_NULL_CONVERSION = YES;
				CLANG_WARN_OBJC_IMPLICIT_RETAIN_SELF = YES;
				CLANG_WARN_OBJC_LITERAL_CONVERSION = YES;
				CLANG_WARN_OBJC_ROOT_CLASS = YES_ERROR;
				CLANG_WARN_QUOTED_INCLUDE_IN_FRAMEWORK_HEADER = YES;
				CLANG_WARN_RANGE_LOOP_ANALYSIS = YES;
				CLANG_WARN_STRICT_PROTOTYPES = YES;
				CLANG_WARN_SUSPICIOUS_MOVE = YES;
				CLANG_WARN_UNGUARDED_AVAILABILITY = YES_AGGRESSIVE;
				CLANG_WARN_UNREACHABLE_CODE = YES;
				CLANG_WARN__DUPLICATE_METHOD_MATCH = YES;
				CODE_SIGN_ENTITLEMENTS = "MClean/MClean-AppStore.entitlements";
				CODE_SIGN_IDENTITY = "Apple Development";
				CODE_SIGN_STYLE = Automatic;
				COMBINE_HIDPI_IMAGES = YES;
				COPY_PHASE_STRIP = NO;
				CURRENT_PROJECT_VERSION = 1;
				DEAD_CODE_STRIPPING = YES;
				DEBUG_INFORMATION_FORMAT = "dwarf-with-dsym";
				DEVELOPMENT_TEAM = 95AKA2N383;
				ENABLE_NS_ASSERTIONS = NO;
				ENABLE_STRICT_OBJC_MSGSEND = YES;
				GCC_C_LANGUAGE_STANDARD = gnu11;
				GCC_NO_COMMON_BLOCKS = YES;
				GCC_WARN_64_TO_32_BIT_CONVERSION = YES;
				GCC_WARN_ABOUT_RETURN_TYPE = YES_ERROR;
				GCC_WARN_UNDECLARED_SELECTOR = YES;
				GCC_WARN_UNINITIALIZED_AUTOS = YES_AGGRESSIVE;
				GCC_WARN_UNUSED_FUNCTION = YES;
				GCC_WARN_UNUSED_VARIABLE = YES;
				GENERATE_INFOPLIST_FILE = NO;
				INFOPLIST_FILE = MClean/Info.plist;
				LM_SKIP_METADATA_EXTRACTION = YES;
				MACOSX_DEPLOYMENT_TARGET = 13.0;
				MARKETING_VERSION = 1.0.0;
				MTL_ENABLE_DEBUG_INFO = NO;
				MTL_FAST_MATH = YES;
				ONLY_ACTIVE_ARCH = NO;
				PRODUCT_BUNDLE_IDENTIFIER = com.maclife.mclean;
				PRODUCT_NAME = "$(TARGET_NAME)";
				SDKROOT = macosx;
				STRIP_INSTALLED_PRODUCT = YES;
				STRIP_STYLE = "non-global";
				SWIFT_ACTIVE_COMPILATION_CONDITIONS = APPSTORE;
				SWIFT_COMPILATION_MODE = wholemodule;
				SWIFT_OPTIMIZATION_LEVEL = "-O";
				SWIFT_VERSION = 5.9;
			};
			name = AppStore;
		};
		74BF44B8D738B7F702553EB0 /* AppStore */ = {
			isa = XCBuildConfiguration;
			buildSettings = {
				ASSETCATALOG_COMPILER_APPICON_NAME = MClean;
				COMBINE_HIDPI_IMAGES = YES;
				INFOPLIST_FILE = MClean/Info.plist;
				LD_RUNPATH_SEARCH_PATHS = "$(inherited) @executable_path/../Frameworks";
				PRODUCT_NAME = MClean;
				SDKROOT = macosx;
				SWIFT_EMIT_LOC_STRINGS = YES;
			};
			name = AppStore;
		};
		7FBD5906FB6F335185F39053 /* Release */ = {
			isa = XCBuildConfiguration;
			buildSettings = {
				ALWAYS_SEARCH_USER_PATHS = NO;
				ARCHS = "arm64 x86_64";
				ASSETCATALOG_COMPILER_APPICON_NAME = MClean;
				CLANG_ANALYZER_NONNULL = YES;
				CLANG_ANALYZER_NUMBER_OBJECT_CONVERSION = YES_AGGRESSIVE;
				CLANG_CXX_LANGUAGE_STANDARD = "gnu++14";
				CLANG_CXX_LIBRARY = "libc++";
				CLANG_ENABLE_MODULES = YES;
				CLANG_ENABLE_OBJC_ARC = YES;
				CLANG_ENABLE_OBJC_WEAK = YES;
				CLANG_WARN_BLOCK_CAPTURE_AUTORELEASING = YES;
				CLANG_WARN_BOOL_CONVERSION = YES;
				CLANG_WARN_COMMA = YES;
				CLANG_WARN_CONSTANT_CONVERSION = YES;
				CLANG_WARN_DEPRECATED_OBJC_IMPLEMENTATIONS = YES;
				CLANG_WARN_DIRECT_OBJC_ISA_USAGE = YES_ERROR;
				CLANG_WARN_DOCUMENTATION_COMMENTS = YES;
				CLANG_WARN_EMPTY_BODY = YES;
				CLANG_WARN_ENUM_CONVERSION = YES;
				CLANG_WARN_INFINITE_RECURSION = YES;
				CLANG_WARN_INT_CONVERSION = YES;
				CLANG_WARN_NON_LITERAL_NULL_CONVERSION = YES;
				CLANG_WARN_OBJC_IMPLICIT_RETAIN_SELF = YES;
				CLANG_WARN_OBJC_LITERAL_CONVERSION = YES;
				CLANG_WARN_OBJC_ROOT_CLASS = YES_ERROR;
				CLANG_WARN_QUOTED_INCLUDE_IN_FRAMEWORK_HEADER = YES;
				CLANG_WARN_RANGE_LOOP_ANALYSIS = YES;
				CLANG_WARN_STRICT_PROTOTYPES = YES;
				CLANG_WARN_SUSPICIOUS_MOVE = YES;
				CLANG_WARN_UNGUARDED_AVAILABILITY = YES_AGGRESSIVE;
				CLANG_WARN_UNREACHABLE_CODE = YES;
				CLANG_WARN__DUPLICATE_METHOD_MATCH = YES;
				CODE_SIGN_ENTITLEMENTS = MClean/MClean.entitlements;
				CODE_SIGN_IDENTITY = "Apple Development";
				CODE_SIGN_STYLE = Automatic;
				COMBINE_HIDPI_IMAGES = YES;
				COPY_PHASE_STRIP = NO;
				CURRENT_PROJECT_VERSION = 1;
				DEAD_CODE_STRIPPING = YES;
				DEBUG_INFORMATION_FORMAT = "dwarf-with-dsym";
				DEVELOPMENT_TEAM = 95AKA2N383;
				ENABLE_NS_ASSERTIONS = NO;
				ENABLE_STRICT_OBJC_MSGSEND = YES;
				GCC_C_LANGUAGE_STANDARD = gnu11;
				GCC_NO_COMMON_BLOCKS = YES;
				GCC_WARN_64_TO_32_BIT_CONVERSION = YES;
				GCC_WARN_ABOUT_RETURN_TYPE = YES_ERROR;
				GCC_WARN_UNDECLARED_SELECTOR = YES;
				GCC_WARN_UNINITIALIZED_AUTOS = YES_AGGRESSIVE;
				GCC_WARN_UNUSED_FUNCTION = YES;
				GCC_WARN_UNUSED_VARIABLE = YES;
				GENERATE_INFOPLIST_FILE = NO;
				INFOPLIST_FILE = MClean/Info.plist;
				LM_SKIP_METADATA_EXTRACTION = YES;
				MACOSX_DEPLOYMENT_TARGET = 13.0;
				MARKETING_VERSION = 1.0.0;
				MTL_ENABLE_DEBUG_INFO = NO;
				MTL_FAST_MATH = YES;
				ONLY_ACTIVE_ARCH = NO;
				PRODUCT_BUNDLE_IDENTIFIER = com.maclife.mclean;
				PRODUCT_NAME = "$(TARGET_NAME)";
				SDKROOT = macosx;
				STRIP_INSTALLED_PRODUCT = YES;
				STRIP_STYLE = "non-global";
				SWIFT_COMPILATION_MODE = wholemodule;
				SWIFT_OPTIMIZATION_LEVEL = "-O";
				SWIFT_VERSION = 5.9;
			};
			name = Release;
		};
		9E5994D5E34CBCEB6469E991 /* AppStore */ = {
			isa = XCBuildConfiguration;
			buildSettings = {
				BUNDLE_LOADER = "$(TEST_HOST)";
				COMBINE_HIDPI_IMAGES = YES;
				LD_RUNPATH_SEARCH_PATHS = (
					"$(inherited)",
					"@executable_path/../Frameworks",
					"@loader_path/../Frameworks",
				);
				SDKROOT = macosx;
				TEST_HOST = "$(BUILT_PRODUCTS_DIR)/MClean.app/Contents/MacOS/MClean";
			};
			name = AppStore;
		};
		BC33D7B2DE201341827066F4 /* Debug */ = {
			isa = XCBuildConfiguration;
			buildSettings = {
				ALWAYS_SEARCH_USER_PATHS = NO;
				ARCHS = "arm64 x86_64";
				ASSETCATALOG_COMPILER_APPICON_NAME = MClean;
				CLANG_ANALYZER_NONNULL = YES;
				CLANG_ANALYZER_NUMBER_OBJECT_CONVERSION = YES_AGGRESSIVE;
				CLANG_CXX_LANGUAGE_STANDARD = "gnu++14";
				CLANG_CXX_LIBRARY = "libc++";
				CLANG_ENABLE_MODULES = YES;
				CLANG_ENABLE_OBJC_ARC = YES;
				CLANG_ENABLE_OBJC_WEAK = YES;
				CLANG_WARN_BLOCK_CAPTURE_AUTORELEASING = YES;
				CLANG_WARN_BOOL_CONVERSION = YES;
				CLANG_WARN_COMMA = YES;
				CLANG_WARN_CONSTANT_CONVERSION = YES;
				CLANG_WARN_DEPRECATED_OBJC_IMPLEMENTATIONS = YES;
				CLANG_WARN_DIRECT_OBJC_ISA_USAGE = YES_ERROR;
				CLANG_WARN_DOCUMENTATION_COMMENTS = YES;
				CLANG_WARN_EMPTY_BODY = YES;
				CLANG_WARN_ENUM_CONVERSION = YES;
				CLANG_WARN_INFINITE_RECURSION = YES;
				CLANG_WARN_INT_CONVERSION = YES;
				CLANG_WARN_NON_LITERAL_NULL_CONVERSION = YES;
				CLANG_WARN_OBJC_IMPLICIT_RETAIN_SELF = YES;
				CLANG_WARN_OBJC_LITERAL_CONVERSION = YES;
				CLANG_WARN_OBJC_ROOT_CLASS = YES_ERROR;
				CLANG_WARN_QUOTED_INCLUDE_IN_FRAMEWORK_HEADER = YES;
				CLANG_WARN_RANGE_LOOP_ANALYSIS = YES;
				CLANG_WARN_STRICT_PROTOTYPES = YES;
				CLANG_WARN_SUSPICIOUS_MOVE = YES;
				CLANG_WARN_UNGUARDED_AVAILABILITY = YES_AGGRESSIVE;
				CLANG_WARN_UNREACHABLE_CODE = YES;
				CLANG_WARN__DUPLICATE_METHOD_MATCH = YES;
				CODE_SIGN_ENTITLEMENTS = MClean/MClean.entitlements;
				CODE_SIGN_IDENTITY = "Apple Development";
				CODE_SIGN_STYLE = Automatic;
				COMBINE_HIDPI_IMAGES = YES;
				COPY_PHASE_STRIP = NO;
				CURRENT_PROJECT_VERSION = 1;
				DEAD_CODE_STRIPPING = YES;
				DEBUG_INFORMATION_FORMAT = dwarf;
				DEVELOPMENT_TEAM = 95AKA2N383;
				ENABLE_STRICT_OBJC_MSGSEND = YES;
				ENABLE_TESTABILITY = YES;
				GCC_C_LANGUAGE_STANDARD = gnu11;
				GCC_DYNAMIC_NO_PIC = NO;
				GCC_NO_COMMON_BLOCKS = YES;
				GCC_OPTIMIZATION_LEVEL = 0;
				GCC_PREPROCESSOR_DEFINITIONS = (
					"$(inherited)",
					"DEBUG=1",
				);
				GCC_WARN_64_TO_32_BIT_CONVERSION = YES;
				GCC_WARN_ABOUT_RETURN_TYPE = YES_ERROR;
				GCC_WARN_UNDECLARED_SELECTOR = YES;
				GCC_WARN_UNINITIALIZED_AUTOS = YES_AGGRESSIVE;
				GCC_WARN_UNUSED_FUNCTION = YES;
				GCC_WARN_UNUSED_VARIABLE = YES;
				GENERATE_INFOPLIST_FILE = NO;
				INFOPLIST_FILE = MClean/Info.plist;
				LM_SKIP_METADATA_EXTRACTION = YES;
				MACOSX_DEPLOYMENT_TARGET = 13.0;
				MARKETING_VERSION = 1.0.0;
				MTL_ENABLE_DEBUG_INFO = INCLUDE_SOURCE;
				MTL_FAST_MATH = YES;
				ONLY_ACTIVE_ARCH = YES;
				PRODUCT_BUNDLE_IDENTIFIER = com.maclife.mclean;
				PRODUCT_NAME = "$(TARGET_NAME)";
				SDKROOT = macosx;
				SWIFT_ACTIVE_COMPILATION_CONDITIONS = DEBUG;
				SWIFT_OPTIMIZATION_LEVEL = "-Onone";
				SWIFT_VERSION = 5.9;
			};
			name = Debug;
		};
		BE00715F6D5267D13DAE878D /* Release */ = {
			isa = XCBuildConfiguration;
			buildSettings = {
				ASSETCATALOG_COMPILER_APPICON_NAME = MClean;
				COMBINE_HIDPI_IMAGES = YES;
				INFOPLIST_FILE = MClean/Info.plist;
				LD_RUNPATH_SEARCH_PATHS = "$(inherited) @executable_path/../Frameworks";
				PRODUCT_NAME = MClean;
				SDKROOT = macosx;
				SWIFT_EMIT_LOC_STRINGS = YES;
			};
			name = Release;
		};
/* End XCBuildConfiguration section */

/* Begin XCConfigurationList section */
		237EB35D2152823B386737A9 /* Build configuration list for PBXProject "MClean" */ = {
			isa = XCConfigurationList;
			buildConfigurations = (
				72CF86A4A071D37F3A00C25C /* AppStore */,
				BC33D7B2DE201341827066F4 /* Debug */,
				7FBD5906FB6F335185F39053 /* Release */,
			);
			defaultConfigurationIsVisible = 0;
			defaultConfigurationName = Release;
		};
		E1EB1F11E2543CF47413EFE6 /* Build configuration list for PBXNativeTarget "MClean" */ = {
			isa = XCConfigurationList;
			buildConfigurations = (
				74BF44B8D738B7F702553EB0 /* AppStore */,
				36D8AA218B335C773C3B813A /* Debug */,
				BE00715F6D5267D13DAE878D /* Release */,
			);
			defaultConfigurationIsVisible = 0;
			defaultConfigurationName = Release;
		};
		EB2D769526E7D8CA0BBB7975 /* Build configuration list for PBXNativeTarget "MCleanTests" */ = {
			isa = XCConfigurationList;
			buildConfigurations = (
				9E5994D5E34CBCEB6469E991 /* AppStore */,
				6005CD539A837D15647DCBB3 /* Debug */,
				45F0EE5EF56D5C854A996106 /* Release */,
			);
			defaultConfigurationIsVisible = 0;
			defaultConfigurationName = Release;
		};
/* End XCConfigurationList section */
	};
	rootObject = 22EF8368BF4A93B782964A50 /* Project object */;
}
